{
  "name": "@moneybox/shared-types",
  "version": "1.0.0",
  "lockfileVersion": 3,
  "requires": true,
  "packages": {
    "": {
      "name": "@moneybox/shared-types",
      "version": "1.0.0",
      "dependencies": {
        "@contentful/rich-text-types": "^17.2.5"
      }
    },
    "node_modules/@babel/runtime": {
      "version": "7.28.4",
      "resolved": "https://registry.npmjs.org/@babel/runtime/-/runtime-7.28.4.tgz",
      "integrity": "sha512-Q/N6JNWvIvPnLDvjlE1OUBLPQHH6l3CltCEsHIujp45zQUSSh8K+gHnaEX45yAT1nyngnINhvWtzN+Nb9D8RAQ==",
      "license": "MIT",
      "engines": {
        "node": ">=6.9.0"
      }
    },
    "node_modules/@contentful/rich-text-types": {
      "version": "17.2.5",
      "resolved": "https://registry.npmjs.org/@contentful/rich-text-types/-/rich-text-types-17.2.5.tgz",
      "integrity": "sha512-EA5vTfROZePoPmSlqLVd+luL/ev8CjnI20y6vWFVPlLRxQbv4XytXRzatydPE63CqfsPylF7NCn2z8rTLhnWfg==",
      "license": "MIT",
      "dependencies": {
        "@lingui/core": "^5.4.1",
        "is-plain-obj": "^3.0.0"
      },
      "engines": {
        "node": ">=6.0.0"
      }
    },
    "node_modules/@lingui/core": {
      "version": "5.5.2",
      "resolved": "https://registry.npmjs.org/@lingui/core/-/core-5.5.2.tgz",
      "integrity": "sha512-YhKdfXOSEr64mEsPL7DbgGhoXJhI+DSysZHA43K9ZuG322JEql+luvRZpH/NobLBMiM1SjoLVWazEsqIkGuPDQ==",
      "license": "MIT",
      "dependencies": {
        "@babel/runtime": "^7.20.13",
        "@lingui/message-utils": "5.5.2"
      },
      "engines": {
        "node": ">=20.0.0"
      },
      "peerDependencies": {
        "@lingui/babel-plugin-lingui-macro": "5.5.2",
        "babel-plugin-macros": "2 || 3"
      },
      "peerDependenciesMeta": {
        "@lingui/babel-plugin-lingui-macro": {
          "optional": true
        },
        "babel-plugin-macros": {
          "optional": true
        }
      }
    },
    "node_modules/@lingui/message-utils": {
      "version": "5.5.2",
      "resolved": "https://registry.npmjs.org/@lingui/message-utils/-/message-utils-5.5.2.tgz",
      "integrity": "sha512-0/xu0nAzYm4ZLUHAdowkTLcP2iM+UOuFEpIsJ40iOIYgHeub1idtn8EFnliCiN83rfrcMaPK63MgGKmyTI4Umg==",
      "license": "MIT",
      "dependencies": {
        "@messageformat/parser": "^5.0.0",
        "js-sha256": "^0.10.1"
      },
      "engines": {
        "node": ">=20.0.0"
      }
    },
    "node_modules/@messageformat/parser": {
      "version": "5.1.1",
      "resolved": "https://registry.npmjs.org/@messageformat/parser/-/parser-5.1.1.tgz",
      "integrity": "sha512-3p0YRGCcTUCYvBKLIxtDDyrJ0YijGIwrTRu1DT8gIviIDZru8H23+FkY6MJBzM1n9n20CiM4VeDYuBsrrwnLjg==",
      "license": "MIT",
      "dependencies": {
        "moo": "^0.5.1"
      }
    },
    "node_modules/is-plain-obj": {
      "version": "3.0.0",
      "resolved": "https://registry.npmjs.org/is-plain-obj/-/is-plain-obj-3.0.0.tgz",
      "integrity": "sha512-gwsOE28k+23GP1B6vFl1oVh/WOzmawBrKwo5Ev6wMKzPkaXaCDIQKzLnvsA42DRlbVTWorkgTKIviAKCWkfUwA==",
      "license": "MIT",
      "engines": {
        "node": ">=10"
      },
      "funding": {
        "url": "https://github.com/sponsors/sindresorhus"
      }
    },
    "node_modules/js-sha256": {
      "version": "0.10.1",
      "resolved": "https://registry.npmjs.org/js-sha256/-/js-sha256-0.10.1.tgz",
      "integrity": "sha512-5obBtsz9301ULlsgggLg542s/jqtddfOpV5KJc4hajc9JV8GeY2gZHSVpYBn4nWqAUTJ9v+xwtbJ1mIBgIH5Vw==",
      "license": "MIT"
    },
    "node_modules/moo": {
      "version": "0.5.2",
      "resolved": "https://registry.npmjs.org/moo/-/moo-0.5.2.tgz",
      "integrity": "sha512-iSAJLHYKnX41mKcJKjqvnAN9sf0LMDTXDEvFv+ffuRR9a1MIuXLjMNL6EsnDHSkKLTWNqQQ5uo61P4EbU4NU+Q==",
      "license": "BSD-3-Clause"
    }
  }
}
